{
	"name": "@uform/core",
	"version": "0.1.0-alpha.5",
	"lockfileVersion": 1,
	"requires": true,
	"dependencies": {
		"dot-match": {
			"version": "0.1.19",
			"resolved": "https://registry.npmjs.org/dot-match/-/dot-match-0.1.19.tgz",
			"integrity": "sha512-NrQrkRYcZpuRJfjXHQhZFDDdd1yv12EZIWwU+bArTK6JpKTTmJFQSUqphwCj5bneU/Eg1uL6NOdicGLt6xkyow==",
			"requires": {
				"lru-memoize": "1.1.0"
			}
		},
		"immer": {
			"version": "1.12.1",
			"resolved": "https://registry.npmjs.org/immer/-/immer-1.12.1.tgz",
			"integrity": "sha512-3fmKM6ovaqDt0CdC9daXpNi5x/YCYS3i4cwLdTVkhJdk5jrDXoPs7lCm3IqM3yhfSnz4tjjxbRG2CziQ7m8ztg=="
		},
		"js-tokens": {
			"version": "4.0.0",
			"resolved": "https://registry.npmjs.org/js-tokens/-/js-tokens-4.0.0.tgz",
			"integrity": "sha512-RdJUflcE3cUzKiMqQgsCu06FPu9UdIJO0beYbPhHN4k6apgJtifcoCtT9bcxOpYBtpD2kCM6Sbzg4CausW/PKQ=="
		},
		"loose-envify": {
			"version": "1.4.0",
			"resolved": "https://registry.npmjs.org/loose-envify/-/loose-envify-1.4.0.tgz",
			"integrity": "sha512-lyuxPGr/Wfhrlem2CL/UcnUc1zcqKAImBDzukY7Y5F/yQiNdko6+fRLevlw1HgMySw7f611UIY408EtxRSoK3Q==",
			"requires": {
				"js-tokens": "4.0.0"
			}
		},
		"lru-memoize": {
			"version": "1.1.0",
			"resolved": "https://registry.npmjs.org/lru-memoize/-/lru-memoize-1.1.0.tgz",
			"integrity": "sha512-klI4QO8wE8V6rl8EwQTZP6vgM0URWN/0OMFdG9E2fJTaWc6Ox+nSTs8cgJ8QNd0We0vX40n+sd6K4cgb+BzXuA=="
		},
		"object-assign": {
			"version": "4.1.1",
			"resolved": "https://registry.npmjs.org/object-assign/-/object-assign-4.1.1.tgz",
			"integrity": "sha1-IQmtx5ZYh8/AXLvUQsrIv7s2CGM="
		},
		"rxjs": {
			"version": "6.4.0",
			"resolved": "https://registry.npmjs.org/rxjs/-/rxjs-6.4.0.tgz",
			"integrity": "sha512-Z9Yfa11F6B9Sg/BK9MnqnQ+aQYicPLtilXBp2yUtDt2JRCE0h26d33EnfO3ZxoNxG0T92OUucP3Ct7cpfkdFfw==",
			"requires": {
				"tslib": "1.9.3"
			}
		},
		"scheduler": {
			"version": "0.11.3",
			"resolved": "https://registry.npmjs.org/scheduler/-/scheduler-0.11.3.tgz",
			"integrity": "sha512-i9X9VRRVZDd3xZw10NY5Z2cVMbdYg6gqFecfj79USv1CFN+YrJ3gIPRKf1qlY+Sxly4djoKdfx1T+m9dnRB8kQ==",
			"requires": {
				"loose-envify": "1.4.0",
				"object-assign": "4.1.1"
			}
		},
		"tslib": {
			"version": "1.9.3",
			"resolved": "https://registry.npmjs.org/tslib/-/tslib-1.9.3.tgz",
			"integrity": "sha512-4krF8scpejhaOgqzBEcGM7yDIEfi0/8+8zDRZhNZZ2kjmHJ4hv3zCbQWxoJGz1iw5U0Jl0nma13xzHXcncMavQ=="
		}
	}
}
