{
	"name": "@uform/antd",
	"version": "0.1.0-alpha.3",
	"lockfileVersion": 1,
	"requires": true,
	"dependencies": {
		"@babel/helper-annotate-as-pure": {
			"version": "7.0.0",
			"resolved": "https://registry.npmjs.org/@babel/helper-annotate-as-pure/-/helper-annotate-as-pure-7.0.0.tgz",
			"integrity": "sha512-3UYcJUj9kvSLbLbUIfQTqzcy5VX7GRZ/CCDrnOaZorFFM01aXp1+GJwuFGV4NDDoAS+mOUyHcO6UD/RfqOks3Q==",
			"requires": {
				"@babel/types": "^7.0.0"
			}
		},
		"@babel/helper-module-imports": {
			"version": "7.0.0",
			"resolved": "https://registry.npmjs.org/@babel/helper-module-imports/-/helper-module-imports-7.0.0.tgz",
			"integrity": "sha512-aP/hlLq01DWNEiDg4Jn23i+CXxW/owM4WpDLFUbpjxe4NS3BhLVZQ5i7E0ZrxuQ/vwekIeciyamgB1UIYxxM6A==",
			"requires": {
				"@babel/types": "^7.0.0"
			}
		},
		"@babel/types": {
			"version": "7.3.3",
			"resolved": "https://registry.npmjs.org/@babel/types/-/types-7.3.3.tgz",
			"integrity": "sha512-2tACZ80Wg09UnPg5uGAOUvvInaqLk3l/IAhQzlxLQOIXacr6bMsra5SH6AWw/hIDRCSbCdHP2KzSOD+cT7TzMQ==",
			"requires": {
				"esutils": "^2.0.2",
				"lodash": "^4.17.11",
				"to-fast-properties": "^2.0.0"
			}
		},
		"@emotion/is-prop-valid": {
			"version": "0.7.3",
			"resolved": "https://registry.npmjs.org/@emotion/is-prop-valid/-/is-prop-valid-0.7.3.tgz",
			"integrity": "sha512-uxJqm/sqwXw3YPA5GXX365OBcJGFtxUVkB6WyezqFHlNe9jqUWH5ur2O2M8dGBz61kn1g3ZBlzUunFQXQIClhA==",
			"requires": {
				"@emotion/memoize": "0.7.1"
			}
		},
		"@emotion/memoize": {
			"version": "0.7.1",
			"resolved": "https://registry.npmjs.org/@emotion/memoize/-/memoize-0.7.1.tgz",
			"integrity": "sha512-Qv4LTqO11jepd5Qmlp3M1YEjBumoTHcHFdgPTQ+sFlIL5myi/7xu/POwP7IRu6odBdmLXdtIs1D6TuW6kbwbbg=="
		},
		"@emotion/unitless": {
			"version": "0.7.3",
			"resolved": "https://registry.npmjs.org/@emotion/unitless/-/unitless-0.7.3.tgz",
			"integrity": "sha512-4zAPlpDEh2VwXswwr/t8xGNDGg8RQiPxtxZ3qQEXyQsBV39ptTdESCjuBvGze1nLMVrxmTIKmnO/nAV8Tqjjzg=="
		},
		"babel-plugin-styled-components": {
			"version": "1.10.0",
			"resolved": "https://registry.npmjs.org/babel-plugin-styled-components/-/babel-plugin-styled-components-1.10.0.tgz",
			"integrity": "sha512-sQVKG8irFXx14ZfaK1bBePirfkacl3j8nZwSZK+ZjsbnadRHKQTbhXbe/RB1vT6Vgkz45E+V95LBq4KqdhZUNw==",
			"requires": {
				"@babel/helper-annotate-as-pure": "^7.0.0",
				"@babel/helper-module-imports": "^7.0.0",
				"babel-plugin-syntax-jsx": "^6.18.0",
				"lodash": "^4.17.10"
			}
		},
		"babel-plugin-syntax-jsx": {
			"version": "6.18.0",
			"resolved": "https://registry.npmjs.org/babel-plugin-syntax-jsx/-/babel-plugin-syntax-jsx-6.18.0.tgz",
			"integrity": "sha1-CvMqmm4Tyno/1QaeYtew9Y0NiUY="
		},
		"camelize": {
			"version": "1.0.0",
			"resolved": "https://registry.npmjs.org/camelize/-/camelize-1.0.0.tgz",
			"integrity": "sha1-FkpUg+Yw+kMh5a8HAg5TGDGyYJs="
		},
		"classnames": {
			"version": "2.2.6",
			"resolved": "https://registry.npmjs.org/classnames/-/classnames-2.2.6.tgz",
			"integrity": "sha512-JR/iSQOSt+LQIWwrwEzJ9uk0xfN3mTVYMwt1Ir5mUcSN6pU+V4zQFFaJsclJbPuAUQH+yfWef6tm7l1quW3C8Q=="
		},
		"css-color-keywords": {
			"version": "1.0.0",
			"resolved": "https://registry.npmjs.org/css-color-keywords/-/css-color-keywords-1.0.0.tgz",
			"integrity": "sha1-/qJhbcZ2spYmhrOvjb2+GAskTgU="
		},
		"css-to-react-native": {
			"version": "2.3.0",
			"resolved": "https://registry.npmjs.org/css-to-react-native/-/css-to-react-native-2.3.0.tgz",
			"integrity": "sha512-IhR7bNIrCFwbJbKZOAjNDZdwpsbjTN6f1agXeELHDqg1wHPA8c2QLruttKOW7hgMGetkfraRJCIEMrptifBfVw==",
			"requires": {
				"camelize": "^1.0.0",
				"css-color-keywords": "^1.0.0",
				"postcss-value-parser": "^3.3.0"
			}
		},
		"esutils": {
			"version": "2.0.2",
			"resolved": "https://registry.npmjs.org/esutils/-/esutils-2.0.2.tgz",
			"integrity": "sha1-Cr9PHKpbyx96nYrMbepPqqBLrJs="
		},
		"has-flag": {
			"version": "3.0.0",
			"resolved": "https://registry.npmjs.org/has-flag/-/has-flag-3.0.0.tgz",
			"integrity": "sha1-tdRU3CGZriJWmfNGfloH87lVuv0="
		},
		"js-tokens": {
			"version": "4.0.0",
			"resolved": "https://registry.npmjs.org/js-tokens/-/js-tokens-4.0.0.tgz",
			"integrity": "sha512-RdJUflcE3cUzKiMqQgsCu06FPu9UdIJO0beYbPhHN4k6apgJtifcoCtT9bcxOpYBtpD2kCM6Sbzg4CausW/PKQ=="
		},
		"lodash": {
			"version": "4.17.11",
			"resolved": "https://registry.npmjs.org/lodash/-/lodash-4.17.11.tgz",
			"integrity": "sha512-cQKh8igo5QUhZ7lg38DYWAxMvjSAKG0A8wGSVimP07SIUEK2UO+arSRKbRZWtelMtN5V0Hkwh5ryOto/SshYIg=="
		},
		"loose-envify": {
			"version": "1.4.0",
			"resolved": "https://registry.npmjs.org/loose-envify/-/loose-envify-1.4.0.tgz",
			"integrity": "sha512-lyuxPGr/Wfhrlem2CL/UcnUc1zcqKAImBDzukY7Y5F/yQiNdko6+fRLevlw1HgMySw7f611UIY408EtxRSoK3Q==",
			"requires": {
				"js-tokens": "^3.0.0 || ^4.0.0"
			}
		},
		"memoize-one": {
			"version": "4.1.0",
			"resolved": "https://registry.npmjs.org/memoize-one/-/memoize-one-4.1.0.tgz",
			"integrity": "sha512-2GApq0yI/b22J2j9rhbrAlsHb0Qcz+7yWxeLG8h+95sl1XPUgeLimQSOdur4Vw7cUhrBHwaUZxWFZueojqNRzA=="
		},
		"moveto": {
			"version": "1.8.0",
			"resolved": "https://registry.npmjs.org/moveto/-/moveto-1.8.0.tgz",
			"integrity": "sha512-4DVYd+1nP2PVmlJJ3OolE5tQxRySe1tPMS+yLViXv/q96UvckqcbslheGHGKPsYyNYIS+ACIPznVuIR5YsCLIw=="
		},
		"object-assign": {
			"version": "4.1.1",
			"resolved": "https://registry.npmjs.org/object-assign/-/object-assign-4.1.1.tgz",
			"integrity": "sha1-IQmtx5ZYh8/AXLvUQsrIv7s2CGM="
		},
		"postcss-value-parser": {
			"version": "3.3.1",
			"resolved": "https://registry.npmjs.org/postcss-value-parser/-/postcss-value-parser-3.3.1.tgz",
			"integrity": "sha512-pISE66AbVkp4fDQ7VHBwRNXzAAKJjw4Vw7nWI/+Q3vuly7SNfgYXvm6i5IgFylHGK5sP/xHAbB7N49OS4gWNyQ=="
		},
		"prop-types": {
			"version": "15.7.2",
			"resolved": "https://registry.npmjs.org/prop-types/-/prop-types-15.7.2.tgz",
			"integrity": "sha512-8QQikdH7//R2vurIJSutZ1smHYTcLpRWEOlHnzcWHmBYrOGUysKwSsrC89BCiFj3CbrfJ/nXFdJepOVrY1GCHQ==",
			"requires": {
				"loose-envify": "^1.4.0",
				"object-assign": "^4.1.1",
				"react-is": "^16.8.1"
			}
		},
		"react-is": {
			"version": "16.8.3",
			"resolved": "https://registry.npmjs.org/react-is/-/react-is-16.8.3.tgz",
			"integrity": "sha512-Y4rC1ZJmsxxkkPuMLwvKvlL1Zfpbcu+Bf4ZigkHup3v9EfdYhAlWAaVyA19olXq2o2mGn0w+dFKvk3pVVlYcIA=="
		},
		"react-stikky": {
			"version": "0.1.26",
			"resolved": "https://registry.npmjs.org/react-stikky/-/react-stikky-0.1.26.tgz",
			"integrity": "sha512-vorhlbsVl6VA4ZVNW2FV7YpCsd9Hxb4K5oKvcYGaT5xcejgyqoluBae5M3m+Oupo7Bhfkf05zHPwssmVRE96rQ==",
			"requires": {
				"classnames": "^2.2.6",
				"window-scroll": "^1.0.0"
			}
		},
		"styled-components": {
			"version": "4.1.3",
			"resolved": "https://registry.npmjs.org/styled-components/-/styled-components-4.1.3.tgz",
			"integrity": "sha512-0quV4KnSfvq5iMtT0RzpMGl/Dg3XIxIxOl9eJpiqiq4SrAmR1l1DLzNpMzoy3DyzdXVDMJS2HzROnXscWA3SEw==",
			"requires": {
				"@babel/helper-module-imports": "^7.0.0",
				"@emotion/is-prop-valid": "^0.7.3",
				"@emotion/unitless": "^0.7.0",
				"babel-plugin-styled-components": ">= 1",
				"css-to-react-native": "^2.2.2",
				"memoize-one": "^4.0.0",
				"prop-types": "^15.5.4",
				"react-is": "^16.6.0",
				"stylis": "^3.5.0",
				"stylis-rule-sheet": "^0.0.10",
				"supports-color": "^5.5.0"
			}
		},
		"stylis": {
			"version": "3.5.4",
			"resolved": "https://registry.npmjs.org/stylis/-/stylis-3.5.4.tgz",
			"integrity": "sha512-8/3pSmthWM7lsPBKv7NXkzn2Uc9W7NotcwGNpJaa3k7WMM1XDCA4MgT5k/8BIexd5ydZdboXtU90XH9Ec4Bv/Q=="
		},
		"stylis-rule-sheet": {
			"version": "0.0.10",
			"resolved": "https://registry.npmjs.org/stylis-rule-sheet/-/stylis-rule-sheet-0.0.10.tgz",
			"integrity": "sha512-nTbZoaqoBnmK+ptANthb10ZRZOGC+EmTLLUxeYIuHNkEKcmKgXX1XWKkUBT2Ac4es3NybooPe0SmvKdhKJZAuw=="
		},
		"supports-color": {
			"version": "5.5.0",
			"resolved": "https://registry.npmjs.org/supports-color/-/supports-color-5.5.0.tgz",
			"integrity": "sha512-QjVjwdXIt408MIiAqCX4oUKsgU2EqAGzs2Ppkm4aQYbjm+ZEWEcW4SfFNTr4uMNZma0ey4f5lgLrkB0aX0QMow==",
			"requires": {
				"has-flag": "^3.0.0"
			}
		},
		"to-fast-properties": {
			"version": "2.0.0",
			"resolved": "https://registry.npmjs.org/to-fast-properties/-/to-fast-properties-2.0.0.tgz",
			"integrity": "sha1-3F5pjL0HkmW8c+A3doGk5Og/YW4="
		},
		"window-scroll": {
			"version": "1.0.0",
			"resolved": "https://registry.npmjs.org/window-scroll/-/window-scroll-1.0.0.tgz",
			"integrity": "sha1-bAxIxiCPkGHtkOEPZYkTqZGxiYc="
		}
	}
}
