{
	"name": "@uform/react",
	"version": "0.1.0-alpha.3",
	"lockfileVersion": 1,
	"requires": true,
	"dependencies": {
		"@uform/core": {
			"version": "0.0.9",
			"resolved": "http://registry.npm.alibaba-inc.com/@uform/core/download/@uform/core-0.0.9.tgz",
			"integrity": "sha1-e4GoA+vt4yjW7t3bqmSgZAGyIe0=",
			"requires": {
				"@uform/utils": "^0.0.9",
				"@uform/validator": "^0.0.9",
				"dot-match": "^0.1.18",
				"immer": "^1.7.4",
				"react-dom": "^16.8.3",
				"rxjs": "^6.3.3",
				"scheduler": "^0.11.2"
			}
		},
		"@uform/utils": {
			"version": "0.0.9",
			"resolved": "http://registry.npm.alibaba-inc.com/@uform/utils/download/@uform/utils-0.0.9.tgz",
			"integrity": "sha1-QBUAcW3bdcO7o1breVoQbR/NQtY="
		},
		"@uform/validator": {
			"version": "0.0.9",
			"resolved": "http://registry.npm.alibaba-inc.com/@uform/validator/download/@uform/validator-0.0.9.tgz",
			"integrity": "sha1-DsALPLnuUT2YG4aziA7I76QH50E=",
			"requires": {
				"@uform/utils": "^0.0.9"
			}
		},
		"camel-case": {
			"version": "3.0.0",
			"resolved": "https://registry.npmjs.org/camel-case/-/camel-case-3.0.0.tgz",
			"integrity": "sha1-yjw2iKTpzzpM2nd9xNy8cTJJz3M=",
			"requires": {
				"no-case": "^2.2.0",
				"upper-case": "^1.1.1"
			}
		},
		"dot-match": {
			"version": "0.1.19",
			"resolved": "http://registry.npm.alibaba-inc.com/dot-match/download/dot-match-0.1.19.tgz",
			"integrity": "sha1-v5DI8/7lII7lDuzuuYum+CpvRSg=",
			"requires": {
				"lru-memoize": "^1.0.2"
			}
		},
		"immer": {
			"version": "1.12.1",
			"resolved": "http://registry.npm.alibaba-inc.com/immer/download/immer-1.12.1.tgz",
			"integrity": "sha1-QMblspLABWCDbCmTvaOiQ3nUZvU="
		},
		"js-tokens": {
			"version": "4.0.0",
			"resolved": "http://registry.npm.alibaba-inc.com/js-tokens/download/js-tokens-4.0.0.tgz",
			"integrity": "sha1-GSA/tZmR35jjoocFDUZHzerzJJk="
		},
		"loose-envify": {
			"version": "1.4.0",
			"resolved": "http://registry.npm.alibaba-inc.com/loose-envify/download/loose-envify-1.4.0.tgz",
			"integrity": "sha1-ce5R+nvkyuwaY4OffmgtgTLTDK8=",
			"requires": {
				"js-tokens": "^3.0.0 || ^4.0.0"
			}
		},
		"lower-case": {
			"version": "1.1.4",
			"resolved": "https://registry.npmjs.org/lower-case/-/lower-case-1.1.4.tgz",
			"integrity": "sha1-miyr0bno4K6ZOkv31YdcOcQujqw="
		},
		"lru-memoize": {
			"version": "1.1.0",
			"resolved": "http://registry.npm.alibaba-inc.com/lru-memoize/download/lru-memoize-1.1.0.tgz",
			"integrity": "sha1-BzkArXKr3GejtFWnl8fpTXED5po="
		},
		"no-case": {
			"version": "2.3.2",
			"resolved": "https://registry.npmjs.org/no-case/-/no-case-2.3.2.tgz",
			"integrity": "sha512-rmTZ9kz+f3rCvK2TD1Ue/oZlns7OGoIWP4fc3llxxRXlOkHKoWPPWJOfFYpITabSow43QJbRIoHQXtt10VldyQ==",
			"requires": {
				"lower-case": "^1.1.1"
			}
		},
		"object-assign": {
			"version": "4.1.1",
			"resolved": "http://registry.npm.alibaba-inc.com/object-assign/download/object-assign-4.1.1.tgz",
			"integrity": "sha1-IQmtx5ZYh8/AXLvUQsrIv7s2CGM="
		},
		"pascal-case": {
			"version": "2.0.1",
			"resolved": "https://registry.npmjs.org/pascal-case/-/pascal-case-2.0.1.tgz",
			"integrity": "sha1-LVeNNFX2YNpl7KGO+VtODekSdh4=",
			"requires": {
				"camel-case": "^3.0.0",
				"upper-case-first": "^1.1.0"
			}
		},
		"prop-types": {
			"version": "15.7.2",
			"resolved": "http://registry.npm.alibaba-inc.com/prop-types/download/prop-types-15.7.2.tgz",
			"integrity": "sha1-UsQedbjIfnK52TYOAga5ncv/psU=",
			"requires": {
				"loose-envify": "^1.4.0",
				"object-assign": "^4.1.1",
				"react-is": "^16.8.1"
			}
		},
		"react-dom": {
			"version": "16.8.3",
			"resolved": "http://registry.npm.alibaba-inc.com/react-dom/download/react-dom-16.8.3.tgz",
			"integrity": "sha1-riNgKeZiEHg6yBmZ0wFd/EdbnDI=",
			"requires": {
				"loose-envify": "^1.1.0",
				"object-assign": "^4.1.1",
				"prop-types": "^15.6.2",
				"scheduler": "^0.13.3"
			},
			"dependencies": {
				"scheduler": {
					"version": "0.13.3",
					"resolved": "http://registry.npm.alibaba-inc.com/scheduler/download/scheduler-0.13.3.tgz",
					"integrity": "sha1-vtPFhQ9i6pxxak14H52uubKliJY=",
					"requires": {
						"loose-envify": "^1.1.0",
						"object-assign": "^4.1.1"
					}
				}
			}
		},
		"react-eva": {
			"version": "1.0.0",
			"resolved": "https://registry.npmjs.org/react-eva/-/react-eva-1.0.0.tgz",
			"integrity": "sha512-F/9Fz4/y+blL4LQgGfBxecZB8UNx47ONwU545v/ewR5MpbSMKEJEGUMLS5bWtFebf71xi42xR8PvCoH5uNy8+g==",
			"requires": {
				"rxjs": "^6.3.3"
			}
		},
		"react-is": {
			"version": "16.8.3",
			"resolved": "http://registry.npm.alibaba-inc.com/react-is/download/react-is-16.8.3.tgz",
			"integrity": "sha1-StiwKcKnGPwM/HRsjU4bciHlOH0="
		},
		"rxjs": {
			"version": "6.4.0",
			"resolved": "https://registry.npmjs.org/rxjs/-/rxjs-6.4.0.tgz",
			"integrity": "sha512-Z9Yfa11F6B9Sg/BK9MnqnQ+aQYicPLtilXBp2yUtDt2JRCE0h26d33EnfO3ZxoNxG0T92OUucP3Ct7cpfkdFfw==",
			"requires": {
				"tslib": "^1.9.0"
			}
		},
		"scheduler": {
			"version": "0.11.3",
			"resolved": "http://registry.npm.alibaba-inc.com/scheduler/download/scheduler-0.11.3.tgz",
			"integrity": "sha1-tXabkM+LFGTz88/K/o4811VaLWs=",
			"requires": {
				"loose-envify": "^1.1.0",
				"object-assign": "^4.1.1"
			}
		},
		"tslib": {
			"version": "1.9.3",
			"resolved": "https://registry.npmjs.org/tslib/-/tslib-1.9.3.tgz",
			"integrity": "sha512-4krF8scpejhaOgqzBEcGM7yDIEfi0/8+8zDRZhNZZ2kjmHJ4hv3zCbQWxoJGz1iw5U0Jl0nma13xzHXcncMavQ=="
		},
		"upper-case": {
			"version": "1.1.3",
			"resolved": "https://registry.npmjs.org/upper-case/-/upper-case-1.1.3.tgz",
			"integrity": "sha1-9rRQHC7EzdJrp4vnIilh3ndiFZg="
		},
		"upper-case-first": {
			"version": "1.1.2",
			"resolved": "https://registry.npmjs.org/upper-case-first/-/upper-case-first-1.1.2.tgz",
			"integrity": "sha1-XXm+3P8UQZUY/S7bCgUHybaFkRU=",
			"requires": {
				"upper-case": "^1.1.1"
			}
		}
	}
}
